{
  "name": "local-streamify",
  "version": "0.1.0",
  "lockfileVersion": 3,
  "requires": true,
  "packages": {
    "": {
      "name": "local-streamify",
      "version": "0.1.0",
      "license": "MIT",
      "dependencies": {
        "hls-server": "^1.5.0",
        "http-attach": "^1.0.0",
        "stream-throttle": "^0.1.3"
      }
    },
    "node_modules/commander": {
      "version": "2.20.3",
      "resolved": "https://registry.npmjs.org/commander/-/commander-2.20.3.tgz",
      "integrity": "sha512-GpVkmM8vF2vQUkj2LvZmD35JxeJOLCwJ9cUkugyk2nuhbv3+mJvpLYYt+0+USMxE+oj+ey/lJEnhZw75x/OMcQ=="
    },
    "node_modules/hls-server": {
      "version": "1.5.0",
      "resolved": "https://registry.npmjs.org/hls-server/-/hls-server-1.5.0.tgz",
      "integrity": "sha512-uDTPyuNvHjd5KkK/Zmm6vAWERdRp0l8rlkfSO56KcJGsEfFMwVcgkzbScTmrV+kuOq9FznWf9ze9pprtGEletA==",
      "dependencies": {
        "http-attach": "^1.0.0",
        "minimist": "^1.2.0"
      },
      "bin": {
        "hlsserver": "src/cli.js"
      }
    },
    "node_modules/http-attach": {
      "version": "1.0.0",
      "resolved": "https://registry.npmjs.org/http-attach/-/http-attach-1.0.0.tgz",
      "integrity": "sha512-RWbYNCz3ybfIvjbELCaLD3eh01yKmqro/hoCzBFiUCoHZfb6FdNeSalYjMInVGsM0cj7M8DmXf290sWFJLsz4w=="
    },
    "node_modules/limiter": {
      "version": "1.1.5",
      "resolved": "https://registry.npmjs.org/limiter/-/limiter-1.1.5.tgz",
      "integrity": "sha512-FWWMIEOxz3GwUI4Ts/IvgVy6LPvoMPgjMdQ185nN6psJyBJ4yOpzqm695/h5umdLJg2vW3GR5iG11MAkR2AzJA=="
    },
    "node_modules/minimist": {
      "version": "1.2.8",
      "resolved": "https://registry.npmjs.org/minimist/-/minimist-1.2.8.tgz",
      "integrity": "sha512-2yyAR8qBkN3YuheJanUpWC5U3bb5osDywNB8RzDVlDwDHbocAJveqqj1u8+SVD7jkWT4yvsHCpWqqWqAxb0zCA==",
      "funding": {
        "url": "https://github.com/sponsors/ljharb"
      }
    },
    "node_modules/stream-throttle": {
      "version": "0.1.3",
      "resolved": "https://registry.npmjs.org/stream-throttle/-/stream-throttle-0.1.3.tgz",
      "integrity": "sha512-889+B9vN9dq7/vLbGyuHeZ6/ctf5sNuGWsDy89uNxkFTAgzy0eK7+w5fL3KLNRTkLle7EgZGvHUphZW0Q26MnQ==",
      "dependencies": {
        "commander": "^2.2.0",
        "limiter": "^1.0.5"
      },
      "bin": {
        "throttleproxy": "bin/throttleproxy.js"
      },
      "engines": {
        "node": ">= 0.10.0"
      }
    }
  }
}
